
Microsoft Visual Studio Solution File, Format Version 12.00
# Visual Studio Version 17
VisualStudioVersion = 17.8.34601.278
MinimumVisualStudioVersion = 10.0.40219.1
Project("{FAE04EC0-301F-11D3-BF4B-00C04F79EFBC}") = "TicTacToe", "TicTacToe\TicTacToe.csproj", "{47CA6AAC-4682-44A2-9CA3-A6F3A9322763}"
EndProject
Global
	GlobalSection(SolutionConfigurationPlatforms) = preSolution
		Debug|Any CPU = Debug|Any CPU
		Release|Any CPU = Release|Any CPU
	EndGlobalSection
	GlobalSection(ProjectConfigurationPlatforms) = postSolution
		{47CA6AAC-4682-44A2-9CA3-A6F3A9322763}.Debug|Any CPU.ActiveCfg = Debug|Any CPU
		{47CA6AAC-4682-44A2-9CA3-A6F3A9322763}.Debug|Any CPU.Build.0 = Debug|Any CPU
		{47CA6AAC-4682-44A2-9CA3-A6F3A9322763}.Release|Any CPU.ActiveCfg = Release|Any CPU
		{47CA6AAC-4682-44A2-9CA3-A6F3A9322763}.Release|Any CPU.Build.0 = Release|Any CPU
	EndGlobalSection
	GlobalSection(SolutionProperties) = preSolution
		HideSolutionNode = FALSE
	EndGlobalSection
	GlobalSection(ExtensibilityGlobals) = postSolution
		SolutionGuid = {D0590C88-9B92-4717-9697-C58249FA4996}
	EndGlobalSection
EndGlobal
